PODS:
  - Alamofire (5.0.5)
  - DynamicBlurView (4.1.0)
  - PayCardsRecognizer (1.1.7)
  - PopupDialog (1.1.1):
    - DynamicBlurView (~> 4.0)

DEPENDENCIES:
  - Alamofire (~> 5.0.5)
  - PayCardsRecognizer (~> 1.1.7)
  - PopupDialog (~> 1.1.1)

SPEC REPOS:
  trunk:
    - Alamofire
    - DynamicBlurView
    - PayCardsRecognizer
    - PopupDialog

SPEC CHECKSUMS:
  Alamofire: df2f8f826963b08b9a870791ad48e07a10090b2e
  DynamicBlurView: 58e18fae80bb614e34681a4486870e7d257b62e8
  PayCardsRecognizer: 2e4d1b2fdd5f1528fb56064a91e1d58a1af7a2db
  PopupDialog: 720c92befd8bc23c13442254945213db5612f149

PODFILE CHECKSUM: 791a70fcf20d56095293d4e800b18ffe30070d3c

COCOAPODS: 1.15.2
